{
  "name": "frontend_work",
  "lockfileVersion": 3,
  "requires": true,
  "packages": {
    "": {
      "dependencies": {
        "open-color": "^1.9.1"
      }
    },
    "node_modules/open-color": {
      "version": "1.9.1",
      "resolved": "https://registry.npmjs.org/open-color/-/open-color-1.9.1.tgz",
      "integrity": "sha512-vCseG/EQ6/RcvxhUcGJiHViOgrtz4x0XbZepXvKik66TMGkvbmjeJrKFyBEx6daG5rNyyd14zYXhz0hZVwQFOw=="
    }
  }
}
